
Microsoft Visual Studio Solution File, Format Version 12.00
# Visual Studio 2013
VisualStudioVersion = 12.0.30110.0
MinimumVisualStudioVersion = 10.0.40219.1
Project("{2150E333-8FDC-42A3-9474-1A3956D46DE8}") = "FrontEnds", "FrontEnds", "{9598BD50-AAA3-497D-8A2A-580A52A957FB}"
EndProject
Project("{2150E333-8FDC-42A3-9474-1A3956D46DE8}") = "DesktopApp", "DesktopApp", "{9EB28289-A3AB-43B8-ABD9-78CD11EC719B}"
EndProject
Project("{2150E333-8FDC-42A3-9474-1A3956D46DE8}") = "Domain", "Domain", "{892385C4-52A8-4AAC-9A54-A8021DD89242}"
EndProject
Project("{FAE04EC0-301F-11D3-BF4B-00C04F79EFBC}") = "Domain", "Domain\Domain.csproj", "{19F3B3DC-52CB-491A-B4D7-B3ACBD4A27EC}"
EndProject
Project("{FAE04EC0-301F-11D3-BF4B-00C04F79EFBC}") = "DesktopApp", "DesktopApp\DesktopApp.csproj", "{ACA0182E-7166-44E4-BF90-D1B0B41F4516}"
EndProject
Project("{FAE04EC0-301F-11D3-BF4B-00C04F79EFBC}") = "DesktopApp.Tests", "DesktopApp.Tests\DesktopApp.Tests.csproj", "{0B44A776-760A-4F19-8363-8DBCCCF52343}"
EndProject
Project("{2150E333-8FDC-42A3-9474-1A3956D46DE8}") = "Contexts", "Contexts", "{DBB41BFB-DE89-4E90-8A6C-1BF6E96B267A}"
EndProject
Project("{FAE04EC0-301F-11D3-BF4B-00C04F79EFBC}") = "Contexts", "Contexts\Contexts.csproj", "{DC93CC5A-8EEA-4945-B814-FEDBC97A73D8}"
EndProject
Global
	GlobalSection(SolutionConfigurationPlatforms) = preSolution
		Debug|Any CPU = Debug|Any CPU
		Release|Any CPU = Release|Any CPU
	EndGlobalSection
	GlobalSection(ProjectConfigurationPlatforms) = postSolution
		{19F3B3DC-52CB-491A-B4D7-B3ACBD4A27EC}.Debug|Any CPU.ActiveCfg = Debug|Any CPU
		{19F3B3DC-52CB-491A-B4D7-B3ACBD4A27EC}.Debug|Any CPU.Build.0 = Debug|Any CPU
		{19F3B3DC-52CB-491A-B4D7-B3ACBD4A27EC}.Release|Any CPU.ActiveCfg = Release|Any CPU
		{19F3B3DC-52CB-491A-B4D7-B3ACBD4A27EC}.Release|Any CPU.Build.0 = Release|Any CPU
		{ACA0182E-7166-44E4-BF90-D1B0B41F4516}.Debug|Any CPU.ActiveCfg = Debug|Any CPU
		{ACA0182E-7166-44E4-BF90-D1B0B41F4516}.Debug|Any CPU.Build.0 = Debug|Any CPU
		{ACA0182E-7166-44E4-BF90-D1B0B41F4516}.Release|Any CPU.ActiveCfg = Release|Any CPU
		{ACA0182E-7166-44E4-BF90-D1B0B41F4516}.Release|Any CPU.Build.0 = Release|Any CPU
		{0B44A776-760A-4F19-8363-8DBCCCF52343}.Debug|Any CPU.ActiveCfg = Debug|Any CPU
		{0B44A776-760A-4F19-8363-8DBCCCF52343}.Debug|Any CPU.Build.0 = Debug|Any CPU
		{0B44A776-760A-4F19-8363-8DBCCCF52343}.Release|Any CPU.ActiveCfg = Release|Any CPU
		{0B44A776-760A-4F19-8363-8DBCCCF52343}.Release|Any CPU.Build.0 = Release|Any CPU
		{DC93CC5A-8EEA-4945-B814-FEDBC97A73D8}.Debug|Any CPU.ActiveCfg = Debug|Any CPU
		{DC93CC5A-8EEA-4945-B814-FEDBC97A73D8}.Debug|Any CPU.Build.0 = Debug|Any CPU
		{DC93CC5A-8EEA-4945-B814-FEDBC97A73D8}.Release|Any CPU.ActiveCfg = Release|Any CPU
		{DC93CC5A-8EEA-4945-B814-FEDBC97A73D8}.Release|Any CPU.Build.0 = Release|Any CPU
	EndGlobalSection
	GlobalSection(SolutionProperties) = preSolution
		HideSolutionNode = FALSE
	EndGlobalSection
	GlobalSection(NestedProjects) = preSolution
		{9EB28289-A3AB-43B8-ABD9-78CD11EC719B} = {9598BD50-AAA3-497D-8A2A-580A52A957FB}
		{ACA0182E-7166-44E4-BF90-D1B0B41F4516} = {9EB28289-A3AB-43B8-ABD9-78CD11EC719B}
		{0B44A776-760A-4F19-8363-8DBCCCF52343} = {9EB28289-A3AB-43B8-ABD9-78CD11EC719B}
		{19F3B3DC-52CB-491A-B4D7-B3ACBD4A27EC} = {892385C4-52A8-4AAC-9A54-A8021DD89242}
		{DC93CC5A-8EEA-4945-B814-FEDBC97A73D8} = {DBB41BFB-DE89-4E90-8A6C-1BF6E96B267A}
	EndGlobalSection
EndGlobal
