
Microsoft Visual Studio Solution File, Format Version 12.00
# Visual Studio 2013
VisualStudioVersion = 12.0.30110.0
MinimumVisualStudioVersion = 10.0.40219.1
Project("{2150E333-8FDC-42A3-9474-1A3956D46DE8}") = "FrontEnds", "FrontEnds", "{9598BD50-AAA3-497D-8A2A-580A52A957FB}"
EndProject
Project("{2150E333-8FDC-42A3-9474-1A3956D46DE8}") = "DesktopApp", "DesktopApp", "{9EB28289-A3AB-43B8-ABD9-78CD11EC719B}"
EndProject
Project("{2150E333-8FDC-42A3-9474-1A3956D46DE8}") = "Domain", "Domain", "{892385C4-52A8-4AAC-9A54-A8021DD89242}"
EndProject
Project("{FAE04EC0-301F-11D3-BF4B-00C04F79EFBC}") = "Domain", "Domain\Domain.csproj", "{19F3B3DC-52CB-491A-B4D7-B3ACBD4A27EC}"
EndProject
Project("{FAE04EC0-301F-11D3-BF4B-00C04F79EFBC}") = "DesktopApp", "DesktopApp\DesktopApp.csproj", "{ACA0182E-7166-44E4-BF90-D1B0B41F4516}"
EndProject
Project("{FAE04EC0-301F-11D3-BF4B-00C04F79EFBC}") = "DesktopApp.Tests", "DesktopApp.Tests\DesktopApp.Tests.csproj", "{0B44A776-760A-4F19-8363-8DBCCCF52343}"
EndProject
Project("{2150E333-8FDC-42A3-9474-1A3956D46DE8}") = "Contexts", "Contexts", "{DBB41BFB-DE89-4E90-8A6C-1BF6E96B267A}"
EndProject
Project("{FAE04EC0-301F-11D3-BF4B-00C04F79EFBC}") = "Contexts", "Contexts\Contexts.csproj", "{DC93CC5A-8EEA-4945-B814-FEDBC97A73D8}"
EndProject
Project("{2150E333-8FDC-42A3-9474-1A3956D46DE8}") = "Repositories", "Repositories", "{A15BCB62-1F6C-4107-88C2-34F3AE392CD0}"
EndProject
Project("{FAE04EC0-301F-11D3-BF4B-00C04F79EFBC}") = "Repositories", "Repositories\Repositories.csproj", "{295FB06B-45D8-4FFE-B43F-68989ACC4649}"
EndProject
Project("{FAE04EC0-301F-11D3-BF4B-00C04F79EFBC}") = "Repositories.Tests", "Repositories.Tests\Repositories.Tests.csproj", "{8F4A8F69-769A-4861-9B15-B274D8E7EB1D}"
EndProject
Project("{2150E333-8FDC-42A3-9474-1A3956D46DE8}") = "Services", "Services", "{4D451E0B-AE0F-4268-AA62-7A5DCBB1FE5A}"
EndProject
Project("{FAE04EC0-301F-11D3-BF4B-00C04F79EFBC}") = "Services.Tests", "Services.Tests\Services.Tests.csproj", "{3457B5F2-0F1E-4F99-A280-3F6C815F7231}"
EndProject
Project("{FAE04EC0-301F-11D3-BF4B-00C04F79EFBC}") = "Services", "Services\Services.csproj", "{45720336-2BA1-42F8-834E-67D5AE550099}"
EndProject
Project("{FAE04EC0-301F-11D3-BF4B-00C04F79EFBC}") = "DesktopApp.Model", "DesktopApp.Model\DesktopApp.Model.csproj", "{10124400-A69D-4BA5-8BFD-B193F0DCC54A}"
EndProject
Global
	GlobalSection(SolutionConfigurationPlatforms) = preSolution
		Debug|Any CPU = Debug|Any CPU
		Release|Any CPU = Release|Any CPU
	EndGlobalSection
	GlobalSection(ProjectConfigurationPlatforms) = postSolution
		{19F3B3DC-52CB-491A-B4D7-B3ACBD4A27EC}.Debug|Any CPU.ActiveCfg = Debug|Any CPU
		{19F3B3DC-52CB-491A-B4D7-B3ACBD4A27EC}.Debug|Any CPU.Build.0 = Debug|Any CPU
		{19F3B3DC-52CB-491A-B4D7-B3ACBD4A27EC}.Release|Any CPU.ActiveCfg = Release|Any CPU
		{19F3B3DC-52CB-491A-B4D7-B3ACBD4A27EC}.Release|Any CPU.Build.0 = Release|Any CPU
		{ACA0182E-7166-44E4-BF90-D1B0B41F4516}.Debug|Any CPU.ActiveCfg = Debug|Any CPU
		{ACA0182E-7166-44E4-BF90-D1B0B41F4516}.Debug|Any CPU.Build.0 = Debug|Any CPU
		{ACA0182E-7166-44E4-BF90-D1B0B41F4516}.Release|Any CPU.ActiveCfg = Release|Any CPU
		{ACA0182E-7166-44E4-BF90-D1B0B41F4516}.Release|Any CPU.Build.0 = Release|Any CPU
		{0B44A776-760A-4F19-8363-8DBCCCF52343}.Debug|Any CPU.ActiveCfg = Debug|Any CPU
		{0B44A776-760A-4F19-8363-8DBCCCF52343}.Debug|Any CPU.Build.0 = Debug|Any CPU
		{0B44A776-760A-4F19-8363-8DBCCCF52343}.Release|Any CPU.ActiveCfg = Release|Any CPU
		{0B44A776-760A-4F19-8363-8DBCCCF52343}.Release|Any CPU.Build.0 = Release|Any CPU
		{DC93CC5A-8EEA-4945-B814-FEDBC97A73D8}.Debug|Any CPU.ActiveCfg = Debug|Any CPU
		{DC93CC5A-8EEA-4945-B814-FEDBC97A73D8}.Debug|Any CPU.Build.0 = Debug|Any CPU
		{DC93CC5A-8EEA-4945-B814-FEDBC97A73D8}.Release|Any CPU.ActiveCfg = Release|Any CPU
		{DC93CC5A-8EEA-4945-B814-FEDBC97A73D8}.Release|Any CPU.Build.0 = Release|Any CPU
		{295FB06B-45D8-4FFE-B43F-68989ACC4649}.Debug|Any CPU.ActiveCfg = Debug|Any CPU
		{295FB06B-45D8-4FFE-B43F-68989ACC4649}.Debug|Any CPU.Build.0 = Debug|Any CPU
		{295FB06B-45D8-4FFE-B43F-68989ACC4649}.Release|Any CPU.ActiveCfg = Release|Any CPU
		{295FB06B-45D8-4FFE-B43F-68989ACC4649}.Release|Any CPU.Build.0 = Release|Any CPU
		{8F4A8F69-769A-4861-9B15-B274D8E7EB1D}.Debug|Any CPU.ActiveCfg = Debug|Any CPU
		{8F4A8F69-769A-4861-9B15-B274D8E7EB1D}.Debug|Any CPU.Build.0 = Debug|Any CPU
		{8F4A8F69-769A-4861-9B15-B274D8E7EB1D}.Release|Any CPU.ActiveCfg = Release|Any CPU
		{8F4A8F69-769A-4861-9B15-B274D8E7EB1D}.Release|Any CPU.Build.0 = Release|Any CPU
		{3457B5F2-0F1E-4F99-A280-3F6C815F7231}.Debug|Any CPU.ActiveCfg = Debug|Any CPU
		{3457B5F2-0F1E-4F99-A280-3F6C815F7231}.Debug|Any CPU.Build.0 = Debug|Any CPU
		{3457B5F2-0F1E-4F99-A280-3F6C815F7231}.Release|Any CPU.ActiveCfg = Release|Any CPU
		{3457B5F2-0F1E-4F99-A280-3F6C815F7231}.Release|Any CPU.Build.0 = Release|Any CPU
		{45720336-2BA1-42F8-834E-67D5AE550099}.Debug|Any CPU.ActiveCfg = Debug|Any CPU
		{45720336-2BA1-42F8-834E-67D5AE550099}.Debug|Any CPU.Build.0 = Debug|Any CPU
		{45720336-2BA1-42F8-834E-67D5AE550099}.Release|Any CPU.ActiveCfg = Release|Any CPU
		{45720336-2BA1-42F8-834E-67D5AE550099}.Release|Any CPU.Build.0 = Release|Any CPU
		{10124400-A69D-4BA5-8BFD-B193F0DCC54A}.Debug|Any CPU.ActiveCfg = Debug|Any CPU
		{10124400-A69D-4BA5-8BFD-B193F0DCC54A}.Debug|Any CPU.Build.0 = Debug|Any CPU
		{10124400-A69D-4BA5-8BFD-B193F0DCC54A}.Release|Any CPU.ActiveCfg = Release|Any CPU
		{10124400-A69D-4BA5-8BFD-B193F0DCC54A}.Release|Any CPU.Build.0 = Release|Any CPU
	EndGlobalSection
	GlobalSection(SolutionProperties) = preSolution
		HideSolutionNode = FALSE
	EndGlobalSection
	GlobalSection(NestedProjects) = preSolution
		{9EB28289-A3AB-43B8-ABD9-78CD11EC719B} = {9598BD50-AAA3-497D-8A2A-580A52A957FB}
		{ACA0182E-7166-44E4-BF90-D1B0B41F4516} = {9EB28289-A3AB-43B8-ABD9-78CD11EC719B}
		{0B44A776-760A-4F19-8363-8DBCCCF52343} = {9EB28289-A3AB-43B8-ABD9-78CD11EC719B}
		{10124400-A69D-4BA5-8BFD-B193F0DCC54A} = {9EB28289-A3AB-43B8-ABD9-78CD11EC719B}
		{19F3B3DC-52CB-491A-B4D7-B3ACBD4A27EC} = {892385C4-52A8-4AAC-9A54-A8021DD89242}
		{DC93CC5A-8EEA-4945-B814-FEDBC97A73D8} = {DBB41BFB-DE89-4E90-8A6C-1BF6E96B267A}
		{A15BCB62-1F6C-4107-88C2-34F3AE392CD0} = {DBB41BFB-DE89-4E90-8A6C-1BF6E96B267A}
		{295FB06B-45D8-4FFE-B43F-68989ACC4649} = {A15BCB62-1F6C-4107-88C2-34F3AE392CD0}
		{8F4A8F69-769A-4861-9B15-B274D8E7EB1D} = {A15BCB62-1F6C-4107-88C2-34F3AE392CD0}
		{3457B5F2-0F1E-4F99-A280-3F6C815F7231} = {4D451E0B-AE0F-4268-AA62-7A5DCBB1FE5A}
		{45720336-2BA1-42F8-834E-67D5AE550099} = {4D451E0B-AE0F-4268-AA62-7A5DCBB1FE5A}
	EndGlobalSection
EndGlobal
